
Microsoft Visual Studio Solution File, Format Version 12.00
# Visual Studio 15
VisualStudioVersion = 15.0.27130.2010
MinimumVisualStudioVersion = 10.0.40219.1
Project("{FAE04EC0-301F-11D3-BF4B-00C04F79EFBC}") = "ScriptureApp", "ScriptureApp\ScriptureApp.csproj", "{53558D48-E066-41A1-8826-F79553A88EF8}"
EndProject
Global
	GlobalSection(SolutionConfigurationPlatforms) = preSolution
		Debug|Any CPU = Debug|Any CPU
		Release|Any CPU = Release|Any CPU
	EndGlobalSection
	GlobalSection(ProjectConfigurationPlatforms) = postSolution
		{53558D48-E066-41A1-8826-F79553A88EF8}.Debug|Any CPU.ActiveCfg = Debug|Any CPU
		{53558D48-E066-41A1-8826-F79553A88EF8}.Debug|Any CPU.Build.0 = Debug|Any CPU
		{53558D48-E066-41A1-8826-F79553A88EF8}.Release|Any CPU.ActiveCfg = Release|Any CPU
		{53558D48-E066-41A1-8826-F79553A88EF8}.Release|Any CPU.Build.0 = Release|Any CPU
	EndGlobalSection
	GlobalSection(SolutionProperties) = preSolution
		HideSolutionNode = FALSE
	EndGlobalSection
	GlobalSection(ExtensibilityGlobals) = postSolution
		SolutionGuid = {C4D7E665-A9CC-44EB-9363-3C05D291D56A}
	EndGlobalSection
EndGlobal
